
Microsoft Visual Studio Solution File, Format Version 12.00
# Visual Studio Version 16
VisualStudioVersion = 16.0.30717.126
MinimumVisualStudioVersion = 10.0.40219.1
Project("{FAE04EC0-301F-11D3-BF4B-00C04F79EFBC}") = "kursologV2", "kursologV2.csproj", "{9CA6217E-C31D-4BF3-8A16-4C8606B76CE2}"
EndProject
Global
	GlobalSection(SolutionConfigurationPlatforms) = preSolution
		Debug|Any CPU = Debug|Any CPU
		Release|Any CPU = Release|Any CPU
	EndGlobalSection
	GlobalSection(ProjectConfigurationPlatforms) = postSolution
		{9CA6217E-C31D-4BF3-8A16-4C8606B76CE2}.Debug|Any CPU.ActiveCfg = Debug|Any CPU
		{9CA6217E-C31D-4BF3-8A16-4C8606B76CE2}.Debug|Any CPU.Build.0 = Debug|Any CPU
		{9CA6217E-C31D-4BF3-8A16-4C8606B76CE2}.Release|Any CPU.ActiveCfg = Release|Any CPU
		{9CA6217E-C31D-4BF3-8A16-4C8606B76CE2}.Release|Any CPU.Build.0 = Release|Any CPU
	EndGlobalSection
	GlobalSection(SolutionProperties) = preSolution
		HideSolutionNode = FALSE
	EndGlobalSection
	GlobalSection(ExtensibilityGlobals) = postSolution
		SolutionGuid = {61E45ABD-17D7-41C6-AAAC-9B45073A17B1}
	EndGlobalSection
EndGlobal
